
Microsoft Visual Studio Solution File, Format Version 12.00
# Visual Studio Version 17
VisualStudioVersion = 17.3.32929.385
MinimumVisualStudioVersion = 10.0.40219.1
Project("{9A19103F-16F7-4668-BE54-9A1E7A4F7556}") = "app-4", "app-4.csproj", "{2FA04EE9-7E5A-4695-96DF-EFE1F9587522}"
EndProject
Global
	GlobalSection(SolutionConfigurationPlatforms) = preSolution
		Debug|Any CPU = Debug|Any CPU
		Release|Any CPU = Release|Any CPU
	EndGlobalSection
	GlobalSection(ProjectConfigurationPlatforms) = postSolution
		{2FA04EE9-7E5A-4695-96DF-EFE1F9587522}.Debug|Any CPU.ActiveCfg = Debug|Any CPU
		{2FA04EE9-7E5A-4695-96DF-EFE1F9587522}.Debug|Any CPU.Build.0 = Debug|Any CPU
		{2FA04EE9-7E5A-4695-96DF-EFE1F9587522}.Release|Any CPU.ActiveCfg = Release|Any CPU
		{2FA04EE9-7E5A-4695-96DF-EFE1F9587522}.Release|Any CPU.Build.0 = Release|Any CPU
	EndGlobalSection
	GlobalSection(SolutionProperties) = preSolution
		HideSolutionNode = FALSE
	EndGlobalSection
	GlobalSection(ExtensibilityGlobals) = postSolution
		SolutionGuid = {19C30397-6791-4B02-8668-3D8FA5D87721}
	EndGlobalSection
EndGlobal
