
Microsoft Visual Studio Solution File, Format Version 12.00
# Visual Studio Version 17
VisualStudioVersion = 17.2.32505.173
MinimumVisualStudioVersion = 10.0.40219.1
Project("{FAE04EC0-301F-11D3-BF4B-00C04F79EFBC}") = "app-6", "app-6\app-6.csproj", "{E030C3F2-4482-4478-AC69-D37D7F3B5372}"
EndProject
Global
	GlobalSection(SolutionConfigurationPlatforms) = preSolution
		Debug|Any CPU = Debug|Any CPU
		Release|Any CPU = Release|Any CPU
	EndGlobalSection
	GlobalSection(ProjectConfigurationPlatforms) = postSolution
		{E030C3F2-4482-4478-AC69-D37D7F3B5372}.Debug|Any CPU.ActiveCfg = Debug|Any CPU
		{E030C3F2-4482-4478-AC69-D37D7F3B5372}.Debug|Any CPU.Build.0 = Debug|Any CPU
		{E030C3F2-4482-4478-AC69-D37D7F3B5372}.Release|Any CPU.ActiveCfg = Release|Any CPU
		{E030C3F2-4482-4478-AC69-D37D7F3B5372}.Release|Any CPU.Build.0 = Release|Any CPU
	EndGlobalSection
	GlobalSection(SolutionProperties) = preSolution
		HideSolutionNode = FALSE
	EndGlobalSection
	GlobalSection(ExtensibilityGlobals) = postSolution
		SolutionGuid = {F3C1FF24-D0BC-44CF-B3B5-522AC51CB39D}
	EndGlobalSection
EndGlobal
